
Microsoft Visual Studio Solution File, Format Version 12.00
# Visual Studio Version 16
VisualStudioVersion = 16.0.29613.14
MinimumVisualStudioVersion = 10.0.40219.1
Project("{9A19103F-16F7-4668-BE54-9A1E7A4F7556}") = "BusinessEntities", "BusinessEntities\BusinessEntities.csproj", "{5B0DEF0E-45A6-4A0F-81D4-83D95EE5DB47}"
EndProject
Project("{9A19103F-16F7-4668-BE54-9A1E7A4F7556}") = "Common", "Common\Common.csproj", "{3F3B23C9-A19B-4782-B86F-0CDDF5CE828E}"
EndProject
Project("{9A19103F-16F7-4668-BE54-9A1E7A4F7556}") = "CoreAPI", "CoreAPI\CoreAPI.csproj", "{46D03B47-546D-484C-87AA-A81DF261BA7B}"
EndProject
Project("{9A19103F-16F7-4668-BE54-9A1E7A4F7556}") = "Facade", "Facade\Facade.csproj", "{FF5C2B0C-3BB1-481D-80DC-6B5AB651DBC3}"
EndProject
Project("{9A19103F-16F7-4668-BE54-9A1E7A4F7556}") = "Managers", "Managers\Managers.csproj", "{DA1E98F6-E64A-4E4D-9A77-F22C054B3E3A}"
EndProject
Project("{FAE04EC0-301F-11D3-BF4B-00C04F79EFBC}") = "SharedEntities", "..\Shared\SharedEntities\SharedEntities.csproj", "{516F8439-92F3-45D6-A3FA-2845E360048A}"
EndProject
Project("{FAE04EC0-301F-11D3-BF4B-00C04F79EFBC}") = "DataAccess", "DataAccess\DataAccess.csproj", "{C56E14D4-F989-4942-ABDB-CA50FA92AD52}"
EndProject
Global
	GlobalSection(SolutionConfigurationPlatforms) = preSolution
		Debug|Any CPU = Debug|Any CPU
		Release|Any CPU = Release|Any CPU
	EndGlobalSection
	GlobalSection(ProjectConfigurationPlatforms) = postSolution
		{5B0DEF0E-45A6-4A0F-81D4-83D95EE5DB47}.Debug|Any CPU.ActiveCfg = Debug|Any CPU
		{5B0DEF0E-45A6-4A0F-81D4-83D95EE5DB47}.Debug|Any CPU.Build.0 = Debug|Any CPU
		{5B0DEF0E-45A6-4A0F-81D4-83D95EE5DB47}.Release|Any CPU.ActiveCfg = Release|Any CPU
		{5B0DEF0E-45A6-4A0F-81D4-83D95EE5DB47}.Release|Any CPU.Build.0 = Release|Any CPU
		{3F3B23C9-A19B-4782-B86F-0CDDF5CE828E}.Debug|Any CPU.ActiveCfg = Debug|Any CPU
		{3F3B23C9-A19B-4782-B86F-0CDDF5CE828E}.Debug|Any CPU.Build.0 = Debug|Any CPU
		{3F3B23C9-A19B-4782-B86F-0CDDF5CE828E}.Release|Any CPU.ActiveCfg = Release|Any CPU
		{3F3B23C9-A19B-4782-B86F-0CDDF5CE828E}.Release|Any CPU.Build.0 = Release|Any CPU
		{46D03B47-546D-484C-87AA-A81DF261BA7B}.Debug|Any CPU.ActiveCfg = Debug|Any CPU
		{46D03B47-546D-484C-87AA-A81DF261BA7B}.Debug|Any CPU.Build.0 = Debug|Any CPU
		{46D03B47-546D-484C-87AA-A81DF261BA7B}.Release|Any CPU.ActiveCfg = Release|Any CPU
		{46D03B47-546D-484C-87AA-A81DF261BA7B}.Release|Any CPU.Build.0 = Release|Any CPU
		{FF5C2B0C-3BB1-481D-80DC-6B5AB651DBC3}.Debug|Any CPU.ActiveCfg = Debug|Any CPU
		{FF5C2B0C-3BB1-481D-80DC-6B5AB651DBC3}.Debug|Any CPU.Build.0 = Debug|Any CPU
		{FF5C2B0C-3BB1-481D-80DC-6B5AB651DBC3}.Release|Any CPU.ActiveCfg = Release|Any CPU
		{FF5C2B0C-3BB1-481D-80DC-6B5AB651DBC3}.Release|Any CPU.Build.0 = Release|Any CPU
		{DA1E98F6-E64A-4E4D-9A77-F22C054B3E3A}.Debug|Any CPU.ActiveCfg = Debug|Any CPU
		{DA1E98F6-E64A-4E4D-9A77-F22C054B3E3A}.Debug|Any CPU.Build.0 = Debug|Any CPU
		{DA1E98F6-E64A-4E4D-9A77-F22C054B3E3A}.Release|Any CPU.ActiveCfg = Release|Any CPU
		{DA1E98F6-E64A-4E4D-9A77-F22C054B3E3A}.Release|Any CPU.Build.0 = Release|Any CPU
		{516F8439-92F3-45D6-A3FA-2845E360048A}.Debug|Any CPU.ActiveCfg = Debug|Any CPU
		{516F8439-92F3-45D6-A3FA-2845E360048A}.Debug|Any CPU.Build.0 = Debug|Any CPU
		{516F8439-92F3-45D6-A3FA-2845E360048A}.Release|Any CPU.ActiveCfg = Release|Any CPU
		{516F8439-92F3-45D6-A3FA-2845E360048A}.Release|Any CPU.Build.0 = Release|Any CPU
		{C56E14D4-F989-4942-ABDB-CA50FA92AD52}.Debug|Any CPU.ActiveCfg = Debug|Any CPU
		{C56E14D4-F989-4942-ABDB-CA50FA92AD52}.Debug|Any CPU.Build.0 = Debug|Any CPU
		{C56E14D4-F989-4942-ABDB-CA50FA92AD52}.Release|Any CPU.ActiveCfg = Release|Any CPU
		{C56E14D4-F989-4942-ABDB-CA50FA92AD52}.Release|Any CPU.Build.0 = Release|Any CPU
	EndGlobalSection
	GlobalSection(SolutionProperties) = preSolution
		HideSolutionNode = FALSE
	EndGlobalSection
	GlobalSection(ExtensibilityGlobals) = postSolution
		SolutionGuid = {6B5D4BE9-D344-46B3-B759-53BEEE490BF6}
	EndGlobalSection
EndGlobal
