
Microsoft Visual Studio Solution File, Format Version 12.00
# Visual Studio Version 16
VisualStudioVersion = 16.0.29613.14
MinimumVisualStudioVersion = 10.0.40219.1
Project("{FAE04EC0-301F-11D3-BF4B-00C04F79EFBC}") = "Kernel", "Kernel\Kernel.csproj", "{D6E5CC87-1879-41F6-B95B-5CF8B64EA721}"
EndProject
Project("{FAE04EC0-301F-11D3-BF4B-00C04F79EFBC}") = "Shell", "Shell\Shell.csproj", "{514082E4-A6A9-44AA-8290-627190838FDF}"
EndProject
Project("{FAE04EC0-301F-11D3-BF4B-00C04F79EFBC}") = "Infrastructure.Wpf", "Infrastructure.Wpf\Infrastructure.Wpf.csproj", "{B38EFC08-A392-45CC-AB7B-59CB5AD2C7C5}"
EndProject
Project("{FAE04EC0-301F-11D3-BF4B-00C04F79EFBC}") = "SecurityModule", "SecurityModule\SecurityModule.csproj", "{0A7FCBA4-6809-47A0-99D8-899346442361}"
EndProject
Project("{FAE04EC0-301F-11D3-BF4B-00C04F79EFBC}") = "Arcade", "Arcade\Arcade.csproj", "{E55C9DF9-928F-4A2C-BD73-7F5FEA6F7307}"
EndProject
Project("{FAE04EC0-301F-11D3-BF4B-00C04F79EFBC}") = "GamesModule", "GamesModule\GamesModule.csproj", "{B15BD6A5-2D8F-4CC8-9953-42FD2B86D3C1}"
EndProject
Project("{FAE04EC0-301F-11D3-BF4B-00C04F79EFBC}") = "SharedEntities", "..\Shared\SharedEntities\SharedEntities.csproj", "{516F8439-92F3-45D6-A3FA-2845E360048A}"
EndProject
Project("{FAE04EC0-301F-11D3-BF4B-00C04F79EFBC}") = "Arcade.CustomControls", "Arcade.CustomControls\Arcade.CustomControls.csproj", "{4079F1AC-D833-428E-9E90-59E5EA440E9B}"
EndProject
Project("{FAE04EC0-301F-11D3-BF4B-00C04F79EFBC}") = "StaffModule", "StaffModule\StaffModule.csproj", "{7C16F2C8-A047-4083-AF40-EC2AC97FF1D0}"
EndProject
Project("{FAE04EC0-301F-11D3-BF4B-00C04F79EFBC}") = "Arcade.ViewModels", "Arcade.ViewModel\Arcade.ViewModels.csproj", "{7F754255-84AD-4659-ADCF-50910781ACAA}"
EndProject
Project("{2150E333-8FDC-42A3-9474-1A3956D46DE8}") = "Modules", "Modules", "{848E3854-93EE-4FEB-8858-BD76B9AE9919}"
EndProject
Global
	GlobalSection(SolutionConfigurationPlatforms) = preSolution
		Debug|Any CPU = Debug|Any CPU
		Release|Any CPU = Release|Any CPU
	EndGlobalSection
	GlobalSection(ProjectConfigurationPlatforms) = postSolution
		{D6E5CC87-1879-41F6-B95B-5CF8B64EA721}.Debug|Any CPU.ActiveCfg = Debug|Any CPU
		{D6E5CC87-1879-41F6-B95B-5CF8B64EA721}.Debug|Any CPU.Build.0 = Debug|Any CPU
		{D6E5CC87-1879-41F6-B95B-5CF8B64EA721}.Release|Any CPU.ActiveCfg = Release|Any CPU
		{D6E5CC87-1879-41F6-B95B-5CF8B64EA721}.Release|Any CPU.Build.0 = Release|Any CPU
		{514082E4-A6A9-44AA-8290-627190838FDF}.Debug|Any CPU.ActiveCfg = Debug|Any CPU
		{514082E4-A6A9-44AA-8290-627190838FDF}.Debug|Any CPU.Build.0 = Debug|Any CPU
		{514082E4-A6A9-44AA-8290-627190838FDF}.Release|Any CPU.ActiveCfg = Release|Any CPU
		{514082E4-A6A9-44AA-8290-627190838FDF}.Release|Any CPU.Build.0 = Release|Any CPU
		{B38EFC08-A392-45CC-AB7B-59CB5AD2C7C5}.Debug|Any CPU.ActiveCfg = Debug|Any CPU
		{B38EFC08-A392-45CC-AB7B-59CB5AD2C7C5}.Debug|Any CPU.Build.0 = Debug|Any CPU
		{B38EFC08-A392-45CC-AB7B-59CB5AD2C7C5}.Release|Any CPU.ActiveCfg = Release|Any CPU
		{B38EFC08-A392-45CC-AB7B-59CB5AD2C7C5}.Release|Any CPU.Build.0 = Release|Any CPU
		{0A7FCBA4-6809-47A0-99D8-899346442361}.Debug|Any CPU.ActiveCfg = Debug|Any CPU
		{0A7FCBA4-6809-47A0-99D8-899346442361}.Debug|Any CPU.Build.0 = Debug|Any CPU
		{0A7FCBA4-6809-47A0-99D8-899346442361}.Release|Any CPU.ActiveCfg = Release|Any CPU
		{0A7FCBA4-6809-47A0-99D8-899346442361}.Release|Any CPU.Build.0 = Release|Any CPU
		{E55C9DF9-928F-4A2C-BD73-7F5FEA6F7307}.Debug|Any CPU.ActiveCfg = Debug|Any CPU
		{E55C9DF9-928F-4A2C-BD73-7F5FEA6F7307}.Debug|Any CPU.Build.0 = Debug|Any CPU
		{E55C9DF9-928F-4A2C-BD73-7F5FEA6F7307}.Release|Any CPU.ActiveCfg = Release|Any CPU
		{E55C9DF9-928F-4A2C-BD73-7F5FEA6F7307}.Release|Any CPU.Build.0 = Release|Any CPU
		{B15BD6A5-2D8F-4CC8-9953-42FD2B86D3C1}.Debug|Any CPU.ActiveCfg = Debug|Any CPU
		{B15BD6A5-2D8F-4CC8-9953-42FD2B86D3C1}.Debug|Any CPU.Build.0 = Debug|Any CPU
		{B15BD6A5-2D8F-4CC8-9953-42FD2B86D3C1}.Release|Any CPU.ActiveCfg = Release|Any CPU
		{B15BD6A5-2D8F-4CC8-9953-42FD2B86D3C1}.Release|Any CPU.Build.0 = Release|Any CPU
		{516F8439-92F3-45D6-A3FA-2845E360048A}.Debug|Any CPU.ActiveCfg = Debug|Any CPU
		{516F8439-92F3-45D6-A3FA-2845E360048A}.Debug|Any CPU.Build.0 = Debug|Any CPU
		{516F8439-92F3-45D6-A3FA-2845E360048A}.Release|Any CPU.ActiveCfg = Release|Any CPU
		{516F8439-92F3-45D6-A3FA-2845E360048A}.Release|Any CPU.Build.0 = Release|Any CPU
		{4079F1AC-D833-428E-9E90-59E5EA440E9B}.Debug|Any CPU.ActiveCfg = Debug|Any CPU
		{4079F1AC-D833-428E-9E90-59E5EA440E9B}.Debug|Any CPU.Build.0 = Debug|Any CPU
		{4079F1AC-D833-428E-9E90-59E5EA440E9B}.Release|Any CPU.ActiveCfg = Release|Any CPU
		{4079F1AC-D833-428E-9E90-59E5EA440E9B}.Release|Any CPU.Build.0 = Release|Any CPU
		{7C16F2C8-A047-4083-AF40-EC2AC97FF1D0}.Debug|Any CPU.ActiveCfg = Debug|Any CPU
		{7C16F2C8-A047-4083-AF40-EC2AC97FF1D0}.Debug|Any CPU.Build.0 = Debug|Any CPU
		{7C16F2C8-A047-4083-AF40-EC2AC97FF1D0}.Release|Any CPU.ActiveCfg = Release|Any CPU
		{7C16F2C8-A047-4083-AF40-EC2AC97FF1D0}.Release|Any CPU.Build.0 = Release|Any CPU
		{7F754255-84AD-4659-ADCF-50910781ACAA}.Debug|Any CPU.ActiveCfg = Debug|Any CPU
		{7F754255-84AD-4659-ADCF-50910781ACAA}.Debug|Any CPU.Build.0 = Debug|Any CPU
		{7F754255-84AD-4659-ADCF-50910781ACAA}.Release|Any CPU.ActiveCfg = Release|Any CPU
		{7F754255-84AD-4659-ADCF-50910781ACAA}.Release|Any CPU.Build.0 = Release|Any CPU
	EndGlobalSection
	GlobalSection(SolutionProperties) = preSolution
		HideSolutionNode = FALSE
	EndGlobalSection
	GlobalSection(NestedProjects) = preSolution
		{0A7FCBA4-6809-47A0-99D8-899346442361} = {848E3854-93EE-4FEB-8858-BD76B9AE9919}
		{B15BD6A5-2D8F-4CC8-9953-42FD2B86D3C1} = {848E3854-93EE-4FEB-8858-BD76B9AE9919}
		{7C16F2C8-A047-4083-AF40-EC2AC97FF1D0} = {848E3854-93EE-4FEB-8858-BD76B9AE9919}
	EndGlobalSection
	GlobalSection(ExtensibilityGlobals) = postSolution
		SolutionGuid = {3CE5258C-17C0-4988-B4B2-7A9B94C41A81}
	EndGlobalSection
EndGlobal
