
Microsoft Visual Studio Solution File, Format Version 12.00
# Visual Studio Version 16
VisualStudioVersion = 16.0.29613.14
MinimumVisualStudioVersion = 10.0.40219.1
Project("{FAE04EC0-301F-11D3-BF4B-00C04F79EFBC}") = "Kernel", "Kernel\Kernel.csproj", "{D6E5CC87-1879-41F6-B95B-5CF8B64EA721}"
EndProject
Project("{FAE04EC0-301F-11D3-BF4B-00C04F79EFBC}") = "Shell", "Shell\Shell.csproj", "{514082E4-A6A9-44AA-8290-627190838FDF}"
EndProject
Project("{FAE04EC0-301F-11D3-BF4B-00C04F79EFBC}") = "Infrastructure.Wpf", "Infrastructure.Wpf\Infrastructure.Wpf.csproj", "{B38EFC08-A392-45CC-AB7B-59CB5AD2C7C5}"
EndProject
Project("{FAE04EC0-301F-11D3-BF4B-00C04F79EFBC}") = "SecurityModule", "SecurityModule\SecurityModule.csproj", "{0A7FCBA4-6809-47A0-99D8-899346442361}"
EndProject
Project("{FAE04EC0-301F-11D3-BF4B-00C04F79EFBC}") = "Arcade", "Arcade\Arcade.csproj", "{E55C9DF9-928F-4A2C-BD73-7F5FEA6F7307}"
EndProject
Project("{FAE04EC0-301F-11D3-BF4B-00C04F79EFBC}") = "GamesModule", "GamesModule\GamesModule.csproj", "{B15BD6A5-2D8F-4CC8-9953-42FD2B86D3C1}"
EndProject
Global
	GlobalSection(SolutionConfigurationPlatforms) = preSolution
		Debug|Any CPU = Debug|Any CPU
		Release|Any CPU = Release|Any CPU
	EndGlobalSection
	GlobalSection(ProjectConfigurationPlatforms) = postSolution
		{D6E5CC87-1879-41F6-B95B-5CF8B64EA721}.Debug|Any CPU.ActiveCfg = Debug|Any CPU
		{D6E5CC87-1879-41F6-B95B-5CF8B64EA721}.Debug|Any CPU.Build.0 = Debug|Any CPU
		{D6E5CC87-1879-41F6-B95B-5CF8B64EA721}.Release|Any CPU.ActiveCfg = Release|Any CPU
		{D6E5CC87-1879-41F6-B95B-5CF8B64EA721}.Release|Any CPU.Build.0 = Release|Any CPU
		{514082E4-A6A9-44AA-8290-627190838FDF}.Debug|Any CPU.ActiveCfg = Debug|Any CPU
		{514082E4-A6A9-44AA-8290-627190838FDF}.Debug|Any CPU.Build.0 = Debug|Any CPU
		{514082E4-A6A9-44AA-8290-627190838FDF}.Release|Any CPU.ActiveCfg = Release|Any CPU
		{514082E4-A6A9-44AA-8290-627190838FDF}.Release|Any CPU.Build.0 = Release|Any CPU
		{B38EFC08-A392-45CC-AB7B-59CB5AD2C7C5}.Debug|Any CPU.ActiveCfg = Debug|Any CPU
		{B38EFC08-A392-45CC-AB7B-59CB5AD2C7C5}.Debug|Any CPU.Build.0 = Debug|Any CPU
		{B38EFC08-A392-45CC-AB7B-59CB5AD2C7C5}.Release|Any CPU.ActiveCfg = Release|Any CPU
		{B38EFC08-A392-45CC-AB7B-59CB5AD2C7C5}.Release|Any CPU.Build.0 = Release|Any CPU
		{0A7FCBA4-6809-47A0-99D8-899346442361}.Debug|Any CPU.ActiveCfg = Debug|Any CPU
		{0A7FCBA4-6809-47A0-99D8-899346442361}.Debug|Any CPU.Build.0 = Debug|Any CPU
		{0A7FCBA4-6809-47A0-99D8-899346442361}.Release|Any CPU.ActiveCfg = Release|Any CPU
		{0A7FCBA4-6809-47A0-99D8-899346442361}.Release|Any CPU.Build.0 = Release|Any CPU
		{E55C9DF9-928F-4A2C-BD73-7F5FEA6F7307}.Debug|Any CPU.ActiveCfg = Debug|Any CPU
		{E55C9DF9-928F-4A2C-BD73-7F5FEA6F7307}.Debug|Any CPU.Build.0 = Debug|Any CPU
		{E55C9DF9-928F-4A2C-BD73-7F5FEA6F7307}.Release|Any CPU.ActiveCfg = Release|Any CPU
		{E55C9DF9-928F-4A2C-BD73-7F5FEA6F7307}.Release|Any CPU.Build.0 = Release|Any CPU
		{B15BD6A5-2D8F-4CC8-9953-42FD2B86D3C1}.Debug|Any CPU.ActiveCfg = Debug|Any CPU
		{B15BD6A5-2D8F-4CC8-9953-42FD2B86D3C1}.Debug|Any CPU.Build.0 = Debug|Any CPU
		{B15BD6A5-2D8F-4CC8-9953-42FD2B86D3C1}.Release|Any CPU.ActiveCfg = Release|Any CPU
		{B15BD6A5-2D8F-4CC8-9953-42FD2B86D3C1}.Release|Any CPU.Build.0 = Release|Any CPU
	EndGlobalSection
	GlobalSection(SolutionProperties) = preSolution
		HideSolutionNode = FALSE
	EndGlobalSection
	GlobalSection(ExtensibilityGlobals) = postSolution
		SolutionGuid = {3CE5258C-17C0-4988-B4B2-7A9B94C41A81}
	EndGlobalSection
EndGlobal
